
Microsoft Visual Studio Solution File, Format Version 12.00
# Visual Studio Version 16
VisualStudioVersion = 16.0.30611.23
MinimumVisualStudioVersion = 10.0.40219.1
Project("{FAE04EC0-301F-11D3-BF4B-00C04F79EFBC}") = "PartialViews", "PartialViews.csproj", "{7B50F984-D9C7-4114-A0E2-A72AF10F4B76}"
EndProject
Global
	GlobalSection(SolutionConfigurationPlatforms) = preSolution
		Debug|Any CPU = Debug|Any CPU
		Release|Any CPU = Release|Any CPU
	EndGlobalSection
	GlobalSection(ProjectConfigurationPlatforms) = postSolution
		{7B50F984-D9C7-4114-A0E2-A72AF10F4B76}.Debug|Any CPU.ActiveCfg = Debug|Any CPU
		{7B50F984-D9C7-4114-A0E2-A72AF10F4B76}.Debug|Any CPU.Build.0 = Debug|Any CPU
		{7B50F984-D9C7-4114-A0E2-A72AF10F4B76}.Release|Any CPU.ActiveCfg = Release|Any CPU
		{7B50F984-D9C7-4114-A0E2-A72AF10F4B76}.Release|Any CPU.Build.0 = Release|Any CPU
	EndGlobalSection
	GlobalSection(SolutionProperties) = preSolution
		HideSolutionNode = FALSE
	EndGlobalSection
	GlobalSection(ExtensibilityGlobals) = postSolution
		SolutionGuid = {2ED747A7-67C8-4665-98D6-46446F7CFD29}
	EndGlobalSection
EndGlobal
