
Microsoft Visual Studio Solution File, Format Version 12.00
# Visual Studio Version 16
VisualStudioVersion = 16.0.30611.23
MinimumVisualStudioVersion = 10.0.40219.1
Project("{FAE04EC0-301F-11D3-BF4B-00C04F79EFBC}") = "ModelBindingAndDbCode", "ModelBindingAndDbCode.csproj", "{2FCD429C-FB5D-4690-9962-80F2241F25EC}"
EndProject
Global
	GlobalSection(SolutionConfigurationPlatforms) = preSolution
		Debug|Any CPU = Debug|Any CPU
		Release|Any CPU = Release|Any CPU
	EndGlobalSection
	GlobalSection(ProjectConfigurationPlatforms) = postSolution
		{2FCD429C-FB5D-4690-9962-80F2241F25EC}.Debug|Any CPU.ActiveCfg = Debug|Any CPU
		{2FCD429C-FB5D-4690-9962-80F2241F25EC}.Debug|Any CPU.Build.0 = Debug|Any CPU
		{2FCD429C-FB5D-4690-9962-80F2241F25EC}.Release|Any CPU.ActiveCfg = Release|Any CPU
		{2FCD429C-FB5D-4690-9962-80F2241F25EC}.Release|Any CPU.Build.0 = Release|Any CPU
	EndGlobalSection
	GlobalSection(SolutionProperties) = preSolution
		HideSolutionNode = FALSE
	EndGlobalSection
	GlobalSection(ExtensibilityGlobals) = postSolution
		SolutionGuid = {B55A3FE3-82FB-4A50-B269-A03D7CA28C4C}
	EndGlobalSection
EndGlobal
