
Microsoft Visual Studio Solution File, Format Version 12.00
# Visual Studio Version 16
VisualStudioVersion = 16.0.30611.23
MinimumVisualStudioVersion = 10.0.40219.1
Project("{FAE04EC0-301F-11D3-BF4B-00C04F79EFBC}") = "AnonMethodsAndLambdas", "AnonMethodsAndLambdas\AnonMethodsAndLambdas.csproj", "{8555A1A2-5C16-4F1A-B385-193682070F1F}"
EndProject
Project("{FAE04EC0-301F-11D3-BF4B-00C04F79EFBC}") = "LanguageFeatures", "LanguageFeatures\LanguageFeatures.csproj", "{3595F64D-8614-4015-AB24-E8B5CEF421C8}"
EndProject
Global
	GlobalSection(SolutionConfigurationPlatforms) = preSolution
		Debug|Any CPU = Debug|Any CPU
		Release|Any CPU = Release|Any CPU
	EndGlobalSection
	GlobalSection(ProjectConfigurationPlatforms) = postSolution
		{8555A1A2-5C16-4F1A-B385-193682070F1F}.Debug|Any CPU.ActiveCfg = Debug|Any CPU
		{8555A1A2-5C16-4F1A-B385-193682070F1F}.Debug|Any CPU.Build.0 = Debug|Any CPU
		{8555A1A2-5C16-4F1A-B385-193682070F1F}.Release|Any CPU.ActiveCfg = Release|Any CPU
		{8555A1A2-5C16-4F1A-B385-193682070F1F}.Release|Any CPU.Build.0 = Release|Any CPU
		{3595F64D-8614-4015-AB24-E8B5CEF421C8}.Debug|Any CPU.ActiveCfg = Debug|Any CPU
		{3595F64D-8614-4015-AB24-E8B5CEF421C8}.Debug|Any CPU.Build.0 = Debug|Any CPU
		{3595F64D-8614-4015-AB24-E8B5CEF421C8}.Release|Any CPU.ActiveCfg = Release|Any CPU
		{3595F64D-8614-4015-AB24-E8B5CEF421C8}.Release|Any CPU.Build.0 = Release|Any CPU
	EndGlobalSection
	GlobalSection(SolutionProperties) = preSolution
		HideSolutionNode = FALSE
	EndGlobalSection
	GlobalSection(ExtensibilityGlobals) = postSolution
		SolutionGuid = {309F5687-5022-4D17-B3DF-51A8D30271AE}
	EndGlobalSection
EndGlobal
