
Microsoft Visual Studio Solution File, Format Version 12.00
# Visual Studio Version 16
VisualStudioVersion = 16.0.30611.23
MinimumVisualStudioVersion = 10.0.40219.1
Project("{FAE04EC0-301F-11D3-BF4B-00C04F79EFBC}") = "ValueTypes", "ValueTypes\ValueTypes.csproj", "{1F570191-D741-4A5B-B2F8-0E7489AB5AC1}"
EndProject
Project("{FAE04EC0-301F-11D3-BF4B-00C04F79EFBC}") = "NullableTypes", "NullableTypes\NullableTypes.csproj", "{75CCC3A0-F285-4FA8-811B-F063EC98614F}"
EndProject
Project("{FAE04EC0-301F-11D3-BF4B-00C04F79EFBC}") = "Arrays", "Arrays\Arrays.csproj", "{88C7CE2E-889D-4CA9-A635-F346CEA53E82}"
EndProject
Project("{FAE04EC0-301F-11D3-BF4B-00C04F79EFBC}") = "Generics", "Generics\Generics.csproj", "{B4069DE7-BA25-410E-B0BE-0CBBBBFC6128}"
EndProject
Project("{FAE04EC0-301F-11D3-BF4B-00C04F79EFBC}") = "CollectionsExample", "CollectionsExample\CollectionsExample.csproj", "{E9BB91B8-F3FD-4742-AB2D-2DBFE1C26CD4}"
EndProject
Global
	GlobalSection(SolutionConfigurationPlatforms) = preSolution
		Debug|Any CPU = Debug|Any CPU
		Release|Any CPU = Release|Any CPU
	EndGlobalSection
	GlobalSection(ProjectConfigurationPlatforms) = postSolution
		{1F570191-D741-4A5B-B2F8-0E7489AB5AC1}.Debug|Any CPU.ActiveCfg = Debug|Any CPU
		{1F570191-D741-4A5B-B2F8-0E7489AB5AC1}.Debug|Any CPU.Build.0 = Debug|Any CPU
		{1F570191-D741-4A5B-B2F8-0E7489AB5AC1}.Release|Any CPU.ActiveCfg = Release|Any CPU
		{1F570191-D741-4A5B-B2F8-0E7489AB5AC1}.Release|Any CPU.Build.0 = Release|Any CPU
		{75CCC3A0-F285-4FA8-811B-F063EC98614F}.Debug|Any CPU.ActiveCfg = Debug|Any CPU
		{75CCC3A0-F285-4FA8-811B-F063EC98614F}.Debug|Any CPU.Build.0 = Debug|Any CPU
		{75CCC3A0-F285-4FA8-811B-F063EC98614F}.Release|Any CPU.ActiveCfg = Release|Any CPU
		{75CCC3A0-F285-4FA8-811B-F063EC98614F}.Release|Any CPU.Build.0 = Release|Any CPU
		{88C7CE2E-889D-4CA9-A635-F346CEA53E82}.Debug|Any CPU.ActiveCfg = Debug|Any CPU
		{88C7CE2E-889D-4CA9-A635-F346CEA53E82}.Debug|Any CPU.Build.0 = Debug|Any CPU
		{88C7CE2E-889D-4CA9-A635-F346CEA53E82}.Release|Any CPU.ActiveCfg = Release|Any CPU
		{88C7CE2E-889D-4CA9-A635-F346CEA53E82}.Release|Any CPU.Build.0 = Release|Any CPU
		{B4069DE7-BA25-410E-B0BE-0CBBBBFC6128}.Debug|Any CPU.ActiveCfg = Debug|Any CPU
		{B4069DE7-BA25-410E-B0BE-0CBBBBFC6128}.Debug|Any CPU.Build.0 = Debug|Any CPU
		{B4069DE7-BA25-410E-B0BE-0CBBBBFC6128}.Release|Any CPU.ActiveCfg = Release|Any CPU
		{B4069DE7-BA25-410E-B0BE-0CBBBBFC6128}.Release|Any CPU.Build.0 = Release|Any CPU
		{E9BB91B8-F3FD-4742-AB2D-2DBFE1C26CD4}.Debug|Any CPU.ActiveCfg = Debug|Any CPU
		{E9BB91B8-F3FD-4742-AB2D-2DBFE1C26CD4}.Debug|Any CPU.Build.0 = Debug|Any CPU
		{E9BB91B8-F3FD-4742-AB2D-2DBFE1C26CD4}.Release|Any CPU.ActiveCfg = Release|Any CPU
		{E9BB91B8-F3FD-4742-AB2D-2DBFE1C26CD4}.Release|Any CPU.Build.0 = Release|Any CPU
	EndGlobalSection
	GlobalSection(SolutionProperties) = preSolution
		HideSolutionNode = FALSE
	EndGlobalSection
	GlobalSection(ExtensibilityGlobals) = postSolution
		SolutionGuid = {A6071A74-6731-4022-B68D-29AC4EB97B02}
	EndGlobalSection
EndGlobal
