
Microsoft Visual Studio Solution File, Format Version 12.00
# Visual Studio Version 16
VisualStudioVersion = 16.0.30611.23
MinimumVisualStudioVersion = 10.0.40219.1
Project("{FAE04EC0-301F-11D3-BF4B-00C04F79EFBC}") = "WpfApp1", "WpfApp1.csproj", "{3F7B2F36-8FF4-48A5-96FD-74500F460AD7}"
EndProject
Global
	GlobalSection(SolutionConfigurationPlatforms) = preSolution
		Debug|Any CPU = Debug|Any CPU
		Release|Any CPU = Release|Any CPU
	EndGlobalSection
	GlobalSection(ProjectConfigurationPlatforms) = postSolution
		{3F7B2F36-8FF4-48A5-96FD-74500F460AD7}.Debug|Any CPU.ActiveCfg = Debug|Any CPU
		{3F7B2F36-8FF4-48A5-96FD-74500F460AD7}.Debug|Any CPU.Build.0 = Debug|Any CPU
		{3F7B2F36-8FF4-48A5-96FD-74500F460AD7}.Release|Any CPU.ActiveCfg = Release|Any CPU
		{3F7B2F36-8FF4-48A5-96FD-74500F460AD7}.Release|Any CPU.Build.0 = Release|Any CPU
	EndGlobalSection
	GlobalSection(SolutionProperties) = preSolution
		HideSolutionNode = FALSE
	EndGlobalSection
	GlobalSection(ExtensibilityGlobals) = postSolution
		SolutionGuid = {651F4528-1F25-4938-99BF-4A785544CF70}
	EndGlobalSection
EndGlobal
