
Microsoft Visual Studio Solution File, Format Version 12.00
# Visual Studio Version 16
VisualStudioVersion = 16.0.30611.23
MinimumVisualStudioVersion = 10.0.40219.1
Project("{FAE04EC0-301F-11D3-BF4B-00C04F79EFBC}") = "TestSharedAssembly", "TestSharedAssembly.csproj", "{BB0BE468-DE18-48F7-953A-80DACC21FA49}"
EndProject
Global
	GlobalSection(SolutionConfigurationPlatforms) = preSolution
		Debug|Any CPU = Debug|Any CPU
		Release|Any CPU = Release|Any CPU
	EndGlobalSection
	GlobalSection(ProjectConfigurationPlatforms) = postSolution
		{BB0BE468-DE18-48F7-953A-80DACC21FA49}.Debug|Any CPU.ActiveCfg = Debug|Any CPU
		{BB0BE468-DE18-48F7-953A-80DACC21FA49}.Debug|Any CPU.Build.0 = Debug|Any CPU
		{BB0BE468-DE18-48F7-953A-80DACC21FA49}.Release|Any CPU.ActiveCfg = Release|Any CPU
		{BB0BE468-DE18-48F7-953A-80DACC21FA49}.Release|Any CPU.Build.0 = Release|Any CPU
	EndGlobalSection
	GlobalSection(SolutionProperties) = preSolution
		HideSolutionNode = FALSE
	EndGlobalSection
	GlobalSection(ExtensibilityGlobals) = postSolution
		SolutionGuid = {6AD72317-7742-4AFB-8BB2-B7344EA3AE1D}
	EndGlobalSection
EndGlobal
