
Microsoft Visual Studio Solution File, Format Version 12.00
# Visual Studio 15
VisualStudioVersion = 15.0.28010.2046
MinimumVisualStudioVersion = 10.0.40219.1
Project("{FAE04EC0-301F-11D3-BF4B-00C04F79EFBC}") = "MyAttributes", "MyAttributes\MyAttributes.csproj", "{111761C4-57F9-44B3-B0E4-9EB142F50909}"
EndProject
Project("{FAE04EC0-301F-11D3-BF4B-00C04F79EFBC}") = "TestAttributes", "TestAttributes\TestAttributes.csproj", "{CC0823CB-7007-4E73-8DDD-D76ECC5F04CE}"
EndProject
Global
	GlobalSection(SolutionConfigurationPlatforms) = preSolution
		Debug|Any CPU = Debug|Any CPU
		Release|Any CPU = Release|Any CPU
	EndGlobalSection
	GlobalSection(ProjectConfigurationPlatforms) = postSolution
		{111761C4-57F9-44B3-B0E4-9EB142F50909}.Debug|Any CPU.ActiveCfg = Debug|Any CPU
		{111761C4-57F9-44B3-B0E4-9EB142F50909}.Debug|Any CPU.Build.0 = Debug|Any CPU
		{111761C4-57F9-44B3-B0E4-9EB142F50909}.Release|Any CPU.ActiveCfg = Release|Any CPU
		{111761C4-57F9-44B3-B0E4-9EB142F50909}.Release|Any CPU.Build.0 = Release|Any CPU
		{CC0823CB-7007-4E73-8DDD-D76ECC5F04CE}.Debug|Any CPU.ActiveCfg = Debug|Any CPU
		{CC0823CB-7007-4E73-8DDD-D76ECC5F04CE}.Debug|Any CPU.Build.0 = Debug|Any CPU
		{CC0823CB-7007-4E73-8DDD-D76ECC5F04CE}.Release|Any CPU.ActiveCfg = Release|Any CPU
		{CC0823CB-7007-4E73-8DDD-D76ECC5F04CE}.Release|Any CPU.Build.0 = Release|Any CPU
	EndGlobalSection
	GlobalSection(SolutionProperties) = preSolution
		HideSolutionNode = FALSE
	EndGlobalSection
	GlobalSection(ExtensibilityGlobals) = postSolution
		SolutionGuid = {6ABBC01B-9C4A-41C0-96C9-A187D63B2F91}
	EndGlobalSection
EndGlobal
