
Microsoft Visual Studio Solution File, Format Version 12.00
# Visual Studio Version 16
VisualStudioVersion = 16.0.30717.126
MinimumVisualStudioVersion = 10.0.40219.1
Project("{FAE04EC0-301F-11D3-BF4B-00C04F79EFBC}") = "FirstAppliction", "FirstAppliction\FirstAppliction.csproj", "{C432DA09-ADBA-40AA-A34B-47FFA69F8829}"
EndProject
Project("{FAE04EC0-301F-11D3-BF4B-00C04F79EFBC}") = "WebApplication1", "WebApplication1\WebApplication1.csproj", "{0A437525-63FC-4F27-B54A-C7F106182A4F}"
EndProject
Project("{FAE04EC0-301F-11D3-BF4B-00C04F79EFBC}") = "ModelBindingAndDbCode", "ModelBindingAndDbCode\ModelBindingAndDbCode.csproj", "{C45DCC07-43AA-4BF7-99E4-6DBB23E3252C}"
EndProject
Global
	GlobalSection(SolutionConfigurationPlatforms) = preSolution
		Debug|Any CPU = Debug|Any CPU
		Release|Any CPU = Release|Any CPU
	EndGlobalSection
	GlobalSection(ProjectConfigurationPlatforms) = postSolution
		{C432DA09-ADBA-40AA-A34B-47FFA69F8829}.Debug|Any CPU.ActiveCfg = Debug|Any CPU
		{C432DA09-ADBA-40AA-A34B-47FFA69F8829}.Debug|Any CPU.Build.0 = Debug|Any CPU
		{C432DA09-ADBA-40AA-A34B-47FFA69F8829}.Release|Any CPU.ActiveCfg = Release|Any CPU
		{C432DA09-ADBA-40AA-A34B-47FFA69F8829}.Release|Any CPU.Build.0 = Release|Any CPU
		{0A437525-63FC-4F27-B54A-C7F106182A4F}.Debug|Any CPU.ActiveCfg = Debug|Any CPU
		{0A437525-63FC-4F27-B54A-C7F106182A4F}.Debug|Any CPU.Build.0 = Debug|Any CPU
		{0A437525-63FC-4F27-B54A-C7F106182A4F}.Release|Any CPU.ActiveCfg = Release|Any CPU
		{0A437525-63FC-4F27-B54A-C7F106182A4F}.Release|Any CPU.Build.0 = Release|Any CPU
		{C45DCC07-43AA-4BF7-99E4-6DBB23E3252C}.Debug|Any CPU.ActiveCfg = Debug|Any CPU
		{C45DCC07-43AA-4BF7-99E4-6DBB23E3252C}.Debug|Any CPU.Build.0 = Debug|Any CPU
		{C45DCC07-43AA-4BF7-99E4-6DBB23E3252C}.Release|Any CPU.ActiveCfg = Release|Any CPU
		{C45DCC07-43AA-4BF7-99E4-6DBB23E3252C}.Release|Any CPU.Build.0 = Release|Any CPU
	EndGlobalSection
	GlobalSection(SolutionProperties) = preSolution
		HideSolutionNode = FALSE
	EndGlobalSection
	GlobalSection(ExtensibilityGlobals) = postSolution
		SolutionGuid = {C422A1B2-4E5E-48C3-83D6-76DC9FA3AE15}
	EndGlobalSection
EndGlobal
