
Microsoft Visual Studio Solution File, Format Version 12.00
# Visual Studio Version 16
VisualStudioVersion = 16.0.30717.126
MinimumVisualStudioVersion = 10.0.40219.1
Project("{FAE04EC0-301F-11D3-BF4B-00C04F79EFBC}") = "Interfaces", "Interfaces\Interfaces.csproj", "{DAEB1C2A-3669-47D9-B21B-884727E8D3F2}"
EndProject
Project("{FAE04EC0-301F-11D3-BF4B-00C04F79EFBC}") = "IDisoposableExaample", "IDisoposableExaample\IDisoposableExaample.csproj", "{251BB5A6-C04D-4E62-8779-6B9219A36165}"
EndProject
Project("{FAE04EC0-301F-11D3-BF4B-00C04F79EFBC}") = "RefAndValueType", "RefAndValueType\RefAndValueType.csproj", "{280E5523-5E19-4180-ACAB-9B34917F62B0}"
EndProject
Project("{FAE04EC0-301F-11D3-BF4B-00C04F79EFBC}") = "Employee", "Employee\Employee.csproj", "{68CDB6BB-81C0-4FA6-88D9-14D9425B7C36}"
EndProject
Global
	GlobalSection(SolutionConfigurationPlatforms) = preSolution
		Debug|Any CPU = Debug|Any CPU
		Release|Any CPU = Release|Any CPU
	EndGlobalSection
	GlobalSection(ProjectConfigurationPlatforms) = postSolution
		{DAEB1C2A-3669-47D9-B21B-884727E8D3F2}.Debug|Any CPU.ActiveCfg = Debug|Any CPU
		{DAEB1C2A-3669-47D9-B21B-884727E8D3F2}.Debug|Any CPU.Build.0 = Debug|Any CPU
		{DAEB1C2A-3669-47D9-B21B-884727E8D3F2}.Release|Any CPU.ActiveCfg = Release|Any CPU
		{DAEB1C2A-3669-47D9-B21B-884727E8D3F2}.Release|Any CPU.Build.0 = Release|Any CPU
		{251BB5A6-C04D-4E62-8779-6B9219A36165}.Debug|Any CPU.ActiveCfg = Debug|Any CPU
		{251BB5A6-C04D-4E62-8779-6B9219A36165}.Debug|Any CPU.Build.0 = Debug|Any CPU
		{251BB5A6-C04D-4E62-8779-6B9219A36165}.Release|Any CPU.ActiveCfg = Release|Any CPU
		{251BB5A6-C04D-4E62-8779-6B9219A36165}.Release|Any CPU.Build.0 = Release|Any CPU
		{280E5523-5E19-4180-ACAB-9B34917F62B0}.Debug|Any CPU.ActiveCfg = Debug|Any CPU
		{280E5523-5E19-4180-ACAB-9B34917F62B0}.Debug|Any CPU.Build.0 = Debug|Any CPU
		{280E5523-5E19-4180-ACAB-9B34917F62B0}.Release|Any CPU.ActiveCfg = Release|Any CPU
		{280E5523-5E19-4180-ACAB-9B34917F62B0}.Release|Any CPU.Build.0 = Release|Any CPU
		{68CDB6BB-81C0-4FA6-88D9-14D9425B7C36}.Debug|Any CPU.ActiveCfg = Debug|Any CPU
		{68CDB6BB-81C0-4FA6-88D9-14D9425B7C36}.Debug|Any CPU.Build.0 = Debug|Any CPU
		{68CDB6BB-81C0-4FA6-88D9-14D9425B7C36}.Release|Any CPU.ActiveCfg = Release|Any CPU
		{68CDB6BB-81C0-4FA6-88D9-14D9425B7C36}.Release|Any CPU.Build.0 = Release|Any CPU
	EndGlobalSection
	GlobalSection(SolutionProperties) = preSolution
		HideSolutionNode = FALSE
	EndGlobalSection
	GlobalSection(ExtensibilityGlobals) = postSolution
		SolutionGuid = {C2181D87-BD85-490F-B273-5ACF86B1E9F9}
	EndGlobalSection
EndGlobal
