
Microsoft Visual Studio Solution File, Format Version 12.00
# Visual Studio Version 16
VisualStudioVersion = 16.0.30717.126
MinimumVisualStudioVersion = 10.0.40219.1
Project("{FAE04EC0-301F-11D3-BF4B-00C04F79EFBC}") = "AnoMethodsAndLambdas", "AnoMethodsAndLambdas\AnoMethodsAndLambdas.csproj", "{2BFA5D69-C8AA-438F-935E-EF5E34BE4615}"
EndProject
Project("{FAE04EC0-301F-11D3-BF4B-00C04F79EFBC}") = "Lambdas", "Lambdas\Lambdas.csproj", "{F83FF0D5-773C-4353-AB24-BBC094BD3FE3}"
EndProject
Project("{FAE04EC0-301F-11D3-BF4B-00C04F79EFBC}") = "LanguageFeatures", "LanguageFeatures\LanguageFeatures.csproj", "{71F1FA46-E9B2-40F2-933B-05914EF5738D}"
EndProject
Project("{FAE04EC0-301F-11D3-BF4B-00C04F79EFBC}") = "Assignment", "Assignment\Assignment.csproj", "{2ECCB9B9-7C6D-4FAC-964A-EB43AA00FC78}"
EndProject
Global
	GlobalSection(SolutionConfigurationPlatforms) = preSolution
		Debug|Any CPU = Debug|Any CPU
		Release|Any CPU = Release|Any CPU
	EndGlobalSection
	GlobalSection(ProjectConfigurationPlatforms) = postSolution
		{2BFA5D69-C8AA-438F-935E-EF5E34BE4615}.Debug|Any CPU.ActiveCfg = Debug|Any CPU
		{2BFA5D69-C8AA-438F-935E-EF5E34BE4615}.Debug|Any CPU.Build.0 = Debug|Any CPU
		{2BFA5D69-C8AA-438F-935E-EF5E34BE4615}.Release|Any CPU.ActiveCfg = Release|Any CPU
		{2BFA5D69-C8AA-438F-935E-EF5E34BE4615}.Release|Any CPU.Build.0 = Release|Any CPU
		{F83FF0D5-773C-4353-AB24-BBC094BD3FE3}.Debug|Any CPU.ActiveCfg = Debug|Any CPU
		{F83FF0D5-773C-4353-AB24-BBC094BD3FE3}.Debug|Any CPU.Build.0 = Debug|Any CPU
		{F83FF0D5-773C-4353-AB24-BBC094BD3FE3}.Release|Any CPU.ActiveCfg = Release|Any CPU
		{F83FF0D5-773C-4353-AB24-BBC094BD3FE3}.Release|Any CPU.Build.0 = Release|Any CPU
		{71F1FA46-E9B2-40F2-933B-05914EF5738D}.Debug|Any CPU.ActiveCfg = Debug|Any CPU
		{71F1FA46-E9B2-40F2-933B-05914EF5738D}.Debug|Any CPU.Build.0 = Debug|Any CPU
		{71F1FA46-E9B2-40F2-933B-05914EF5738D}.Release|Any CPU.ActiveCfg = Release|Any CPU
		{71F1FA46-E9B2-40F2-933B-05914EF5738D}.Release|Any CPU.Build.0 = Release|Any CPU
		{2ECCB9B9-7C6D-4FAC-964A-EB43AA00FC78}.Debug|Any CPU.ActiveCfg = Debug|Any CPU
		{2ECCB9B9-7C6D-4FAC-964A-EB43AA00FC78}.Debug|Any CPU.Build.0 = Debug|Any CPU
		{2ECCB9B9-7C6D-4FAC-964A-EB43AA00FC78}.Release|Any CPU.ActiveCfg = Release|Any CPU
		{2ECCB9B9-7C6D-4FAC-964A-EB43AA00FC78}.Release|Any CPU.Build.0 = Release|Any CPU
	EndGlobalSection
	GlobalSection(SolutionProperties) = preSolution
		HideSolutionNode = FALSE
	EndGlobalSection
	GlobalSection(ExtensibilityGlobals) = postSolution
		SolutionGuid = {89160E47-4C88-4811-8E6A-827F5C81A82A}
	EndGlobalSection
EndGlobal
