
Microsoft Visual Studio Solution File, Format Version 12.00
# Visual Studio Version 16
VisualStudioVersion = 16.0.30611.23
MinimumVisualStudioVersion = 10.0.40219.1
Project("{FAE04EC0-301F-11D3-BF4B-00C04F79EFBC}") = "BasicClassConcepts", "BasicClassConcepts\BasicClassConcepts.csproj", "{E4292A5F-E1AD-4B72-A6C6-1733B2552B0D}"
EndProject
Global
	GlobalSection(SolutionConfigurationPlatforms) = preSolution
		Debug|Any CPU = Debug|Any CPU
		Release|Any CPU = Release|Any CPU
	EndGlobalSection
	GlobalSection(ProjectConfigurationPlatforms) = postSolution
		{E4292A5F-E1AD-4B72-A6C6-1733B2552B0D}.Debug|Any CPU.ActiveCfg = Debug|Any CPU
		{E4292A5F-E1AD-4B72-A6C6-1733B2552B0D}.Debug|Any CPU.Build.0 = Debug|Any CPU
		{E4292A5F-E1AD-4B72-A6C6-1733B2552B0D}.Release|Any CPU.ActiveCfg = Release|Any CPU
		{E4292A5F-E1AD-4B72-A6C6-1733B2552B0D}.Release|Any CPU.Build.0 = Release|Any CPU
	EndGlobalSection
	GlobalSection(SolutionProperties) = preSolution
		HideSolutionNode = FALSE
	EndGlobalSection
	GlobalSection(ExtensibilityGlobals) = postSolution
		SolutionGuid = {703B0C9E-E05E-4139-918C-2CC485B52681}
	EndGlobalSection
EndGlobal
